
Microsoft Visual Studio Solution File, Format Version 12.00
# Visual Studio 14
VisualStudioVersion = 14.0.24720.0
MinimumVisualStudioVersion = 10.0.40219.1
Project("{2150E333-8FDC-42A3-9474-1A3956D46DE8}") = "Business", "Business", "{C1F606F6-A199-41AD-A7BF-13D7B7C76809}"
EndProject
Project("{2150E333-8FDC-42A3-9474-1A3956D46DE8}") = "Common", "Common", "{8C34EC7D-6CDB-412B-9150-D91CEA2492B1}"
EndProject
Project("{2150E333-8FDC-42A3-9474-1A3956D46DE8}") = "Data", "Data", "{EB3B1249-C766-42A7-973D-D8485077DFD6}"
EndProject
Project("{2150E333-8FDC-42A3-9474-1A3956D46DE8}") = "Providers", "Providers", "{9306E905-97A5-46FB-958C-1A04A3D8F236}"
EndProject
Project("{2150E333-8FDC-42A3-9474-1A3956D46DE8}") = "EntityFramework", "EntityFramework", "{7DC12FA6-2CAF-4CA4-9A4C-8BE3BF77FA93}"
EndProject
Project("{2150E333-8FDC-42A3-9474-1A3956D46DE8}") = "Framework", "Framework", "{088271F2-246B-421E-8AD1-996288F077FA}"
EndProject
Project("{2150E333-8FDC-42A3-9474-1A3956D46DE8}") = "Presentation", "Presentation", "{3F009F58-0C56-4F74-B3F4-B8284C222457}"
EndProject
Project("{2150E333-8FDC-42A3-9474-1A3956D46DE8}") = "Service", "Service", "{C0FA0EFA-81EE-470D-B4F9-E5BE0C0EA1CE}"
EndProject
Project("{2150E333-8FDC-42A3-9474-1A3956D46DE8}") = "Tests", "Tests", "{77CFFCE4-AE94-4CA0-9A62-D22F2A5AF390}"
EndProject
Project("{FAE04EC0-301F-11D3-BF4B-00C04F79EFBC}") = "HomeService.Business.Core", "HomeService.Business.Core\HomeService.Business.Core.csproj", "{A4680C77-FD11-4476-801D-CBD041846B5C}"
EndProject
Project("{FAE04EC0-301F-11D3-BF4B-00C04F79EFBC}") = "HomeService.Logic", "HomeService.Logic\HomeService.Logic.csproj", "{FF170EC7-9DD3-4738-A277-C31280C670E8}"
EndProject
Project("{FAE04EC0-301F-11D3-BF4B-00C04F79EFBC}") = "HomeService.Models", "HomeService.Models\HomeService.Models.csproj", "{0A44B73A-7CBC-4416-8272-FD4D6532A68B}"
EndProject
Project("{FAE04EC0-301F-11D3-BF4B-00C04F79EFBC}") = "HomeService.Global", "HomeService.Global\HomeService.Global.csproj", "{B003E56F-6E56-45D3-88C5-70F5186FA6B7}"
EndProject
Project("{FAE04EC0-301F-11D3-BF4B-00C04F79EFBC}") = "HomeService.Data", "HomeService.Data\HomeService.Data.csproj", "{68DFC599-BD39-4714-B0D7-934F940ADDF7}"
EndProject
Project("{FAE04EC0-301F-11D3-BF4B-00C04F79EFBC}") = "HomeService.Data.DTOs", "HomeService.Data.DTOs\HomeService.Data.DTOs.csproj", "{44E7A2B3-7382-4831-B201-BD826AB2A0A9}"
EndProject
Project("{FAE04EC0-301F-11D3-BF4B-00C04F79EFBC}") = "HomeService.Data.Extensions", "HomeService.Data.Extensions\HomeService.Data.Extensions.csproj", "{96645BD4-1045-4307-833E-68309ECC2AF1}"
EndProject
Project("{FAE04EC0-301F-11D3-BF4B-00C04F79EFBC}") = "HomeService.Data.Repositories", "HomeService.Data.Repositories\HomeService.Data.Repositories.csproj", "{B64B0504-919F-468C-A893-888FB12F8A87}"
EndProject
Project("{FAE04EC0-301F-11D3-BF4B-00C04F79EFBC}") = "HomeService.Data.UnitOfWork", "HomeService.Data.UnitOfWork\HomeService.Data.UnitOfWork.csproj", "{0EF83F3B-25B6-4842-9FE6-88167257DBDA}"
EndProject
Project("{FAE04EC0-301F-11D3-BF4B-00C04F79EFBC}") = "HomeService.Exceptions", "HomeService.Exceptions\HomeService.Exceptions.csproj", "{E5FC853E-E234-4D05-838A-AE4907ED06EB}"
EndProject
Project("{FAE04EC0-301F-11D3-BF4B-00C04F79EFBC}") = "HomeService.Utilities", "HomeService.Utilities\HomeService.Utilities.csproj", "{4929505F-2D2D-4B87-89D9-C6A3D68F5A46}"
EndProject
Project("{FAE04EC0-301F-11D3-BF4B-00C04F79EFBC}") = "HomeService.UI", "HomeService.UI\HomeService.UI.csproj", "{853FF0F7-6CBE-4950-A2BA-32738185698C}"
EndProject
Project("{FAE04EC0-301F-11D3-BF4B-00C04F79EFBC}") = "HomeService.API", "HomeService.API\HomeService.API.csproj", "{D4BB3B94-F508-4231-A4B8-1F65A248A871}"
EndProject
Project("{FAE04EC0-301F-11D3-BF4B-00C04F79EFBC}") = "HomeService.API.Base", "HomeService.API.Base\HomeService.API.Base.csproj", "{986EFEBC-6E65-4EC5-A9BF-2678B8147A02}"
EndProject
Project("{FAE04EC0-301F-11D3-BF4B-00C04F79EFBC}") = "HomeService.Tests", "HomeService.Tests\HomeService.Tests.csproj", "{7C7FB0CB-D271-438E-8551-0A17181A1E3D}"
EndProject
Global
	GlobalSection(SolutionConfigurationPlatforms) = preSolution
		Debug|Any CPU = Debug|Any CPU
		Release|Any CPU = Release|Any CPU
	EndGlobalSection
	GlobalSection(ProjectConfigurationPlatforms) = postSolution
		{A4680C77-FD11-4476-801D-CBD041846B5C}.Debug|Any CPU.ActiveCfg = Debug|Any CPU
		{A4680C77-FD11-4476-801D-CBD041846B5C}.Debug|Any CPU.Build.0 = Debug|Any CPU
		{A4680C77-FD11-4476-801D-CBD041846B5C}.Release|Any CPU.ActiveCfg = Release|Any CPU
		{A4680C77-FD11-4476-801D-CBD041846B5C}.Release|Any CPU.Build.0 = Release|Any CPU
		{FF170EC7-9DD3-4738-A277-C31280C670E8}.Debug|Any CPU.ActiveCfg = Debug|Any CPU
		{FF170EC7-9DD3-4738-A277-C31280C670E8}.Debug|Any CPU.Build.0 = Debug|Any CPU
		{FF170EC7-9DD3-4738-A277-C31280C670E8}.Release|Any CPU.ActiveCfg = Release|Any CPU
		{FF170EC7-9DD3-4738-A277-C31280C670E8}.Release|Any CPU.Build.0 = Release|Any CPU
		{0A44B73A-7CBC-4416-8272-FD4D6532A68B}.Debug|Any CPU.ActiveCfg = Debug|Any CPU
		{0A44B73A-7CBC-4416-8272-FD4D6532A68B}.Debug|Any CPU.Build.0 = Debug|Any CPU
		{0A44B73A-7CBC-4416-8272-FD4D6532A68B}.Release|Any CPU.ActiveCfg = Release|Any CPU
		{0A44B73A-7CBC-4416-8272-FD4D6532A68B}.Release|Any CPU.Build.0 = Release|Any CPU
		{B003E56F-6E56-45D3-88C5-70F5186FA6B7}.Debug|Any CPU.ActiveCfg = Debug|Any CPU
		{B003E56F-6E56-45D3-88C5-70F5186FA6B7}.Debug|Any CPU.Build.0 = Debug|Any CPU
		{B003E56F-6E56-45D3-88C5-70F5186FA6B7}.Release|Any CPU.ActiveCfg = Release|Any CPU
		{B003E56F-6E56-45D3-88C5-70F5186FA6B7}.Release|Any CPU.Build.0 = Release|Any CPU
		{68DFC599-BD39-4714-B0D7-934F940ADDF7}.Debug|Any CPU.ActiveCfg = Debug|Any CPU
		{68DFC599-BD39-4714-B0D7-934F940ADDF7}.Debug|Any CPU.Build.0 = Debug|Any CPU
		{68DFC599-BD39-4714-B0D7-934F940ADDF7}.Release|Any CPU.ActiveCfg = Release|Any CPU
		{68DFC599-BD39-4714-B0D7-934F940ADDF7}.Release|Any CPU.Build.0 = Release|Any CPU
		{44E7A2B3-7382-4831-B201-BD826AB2A0A9}.Debug|Any CPU.ActiveCfg = Debug|Any CPU
		{44E7A2B3-7382-4831-B201-BD826AB2A0A9}.Debug|Any CPU.Build.0 = Debug|Any CPU
		{44E7A2B3-7382-4831-B201-BD826AB2A0A9}.Release|Any CPU.ActiveCfg = Release|Any CPU
		{44E7A2B3-7382-4831-B201-BD826AB2A0A9}.Release|Any CPU.Build.0 = Release|Any CPU
		{96645BD4-1045-4307-833E-68309ECC2AF1}.Debug|Any CPU.ActiveCfg = Debug|Any CPU
		{96645BD4-1045-4307-833E-68309ECC2AF1}.Debug|Any CPU.Build.0 = Debug|Any CPU
		{96645BD4-1045-4307-833E-68309ECC2AF1}.Release|Any CPU.ActiveCfg = Release|Any CPU
		{96645BD4-1045-4307-833E-68309ECC2AF1}.Release|Any CPU.Build.0 = Release|Any CPU
		{B64B0504-919F-468C-A893-888FB12F8A87}.Debug|Any CPU.ActiveCfg = Debug|Any CPU
		{B64B0504-919F-468C-A893-888FB12F8A87}.Debug|Any CPU.Build.0 = Debug|Any CPU
		{B64B0504-919F-468C-A893-888FB12F8A87}.Release|Any CPU.ActiveCfg = Release|Any CPU
		{B64B0504-919F-468C-A893-888FB12F8A87}.Release|Any CPU.Build.0 = Release|Any CPU
		{0EF83F3B-25B6-4842-9FE6-88167257DBDA}.Debug|Any CPU.ActiveCfg = Debug|Any CPU
		{0EF83F3B-25B6-4842-9FE6-88167257DBDA}.Debug|Any CPU.Build.0 = Debug|Any CPU
		{0EF83F3B-25B6-4842-9FE6-88167257DBDA}.Release|Any CPU.ActiveCfg = Release|Any CPU
		{0EF83F3B-25B6-4842-9FE6-88167257DBDA}.Release|Any CPU.Build.0 = Release|Any CPU
		{E5FC853E-E234-4D05-838A-AE4907ED06EB}.Debug|Any CPU.ActiveCfg = Debug|Any CPU
		{E5FC853E-E234-4D05-838A-AE4907ED06EB}.Debug|Any CPU.Build.0 = Debug|Any CPU
		{E5FC853E-E234-4D05-838A-AE4907ED06EB}.Release|Any CPU.ActiveCfg = Release|Any CPU
		{E5FC853E-E234-4D05-838A-AE4907ED06EB}.Release|Any CPU.Build.0 = Release|Any CPU
		{4929505F-2D2D-4B87-89D9-C6A3D68F5A46}.Debug|Any CPU.ActiveCfg = Debug|Any CPU
		{4929505F-2D2D-4B87-89D9-C6A3D68F5A46}.Debug|Any CPU.Build.0 = Debug|Any CPU
		{4929505F-2D2D-4B87-89D9-C6A3D68F5A46}.Release|Any CPU.ActiveCfg = Release|Any CPU
		{4929505F-2D2D-4B87-89D9-C6A3D68F5A46}.Release|Any CPU.Build.0 = Release|Any CPU
		{853FF0F7-6CBE-4950-A2BA-32738185698C}.Debug|Any CPU.ActiveCfg = Debug|Any CPU
		{853FF0F7-6CBE-4950-A2BA-32738185698C}.Debug|Any CPU.Build.0 = Debug|Any CPU
		{853FF0F7-6CBE-4950-A2BA-32738185698C}.Release|Any CPU.ActiveCfg = Release|Any CPU
		{853FF0F7-6CBE-4950-A2BA-32738185698C}.Release|Any CPU.Build.0 = Release|Any CPU
		{D4BB3B94-F508-4231-A4B8-1F65A248A871}.Debug|Any CPU.ActiveCfg = Debug|Any CPU
		{D4BB3B94-F508-4231-A4B8-1F65A248A871}.Debug|Any CPU.Build.0 = Debug|Any CPU
		{D4BB3B94-F508-4231-A4B8-1F65A248A871}.Release|Any CPU.ActiveCfg = Release|Any CPU
		{D4BB3B94-F508-4231-A4B8-1F65A248A871}.Release|Any CPU.Build.0 = Release|Any CPU
		{986EFEBC-6E65-4EC5-A9BF-2678B8147A02}.Debug|Any CPU.ActiveCfg = Debug|Any CPU
		{986EFEBC-6E65-4EC5-A9BF-2678B8147A02}.Debug|Any CPU.Build.0 = Debug|Any CPU
		{986EFEBC-6E65-4EC5-A9BF-2678B8147A02}.Release|Any CPU.ActiveCfg = Release|Any CPU
		{986EFEBC-6E65-4EC5-A9BF-2678B8147A02}.Release|Any CPU.Build.0 = Release|Any CPU
		{7C7FB0CB-D271-438E-8551-0A17181A1E3D}.Debug|Any CPU.ActiveCfg = Debug|Any CPU
		{7C7FB0CB-D271-438E-8551-0A17181A1E3D}.Debug|Any CPU.Build.0 = Debug|Any CPU
		{7C7FB0CB-D271-438E-8551-0A17181A1E3D}.Release|Any CPU.ActiveCfg = Release|Any CPU
		{7C7FB0CB-D271-438E-8551-0A17181A1E3D}.Release|Any CPU.Build.0 = Release|Any CPU
	EndGlobalSection
	GlobalSection(SolutionProperties) = preSolution
		HideSolutionNode = FALSE
	EndGlobalSection
	GlobalSection(NestedProjects) = preSolution
		{9306E905-97A5-46FB-958C-1A04A3D8F236} = {EB3B1249-C766-42A7-973D-D8485077DFD6}
		{7DC12FA6-2CAF-4CA4-9A4C-8BE3BF77FA93} = {9306E905-97A5-46FB-958C-1A04A3D8F236}
		{A4680C77-FD11-4476-801D-CBD041846B5C} = {C1F606F6-A199-41AD-A7BF-13D7B7C76809}
		{FF170EC7-9DD3-4738-A277-C31280C670E8} = {C1F606F6-A199-41AD-A7BF-13D7B7C76809}
		{0A44B73A-7CBC-4416-8272-FD4D6532A68B} = {C1F606F6-A199-41AD-A7BF-13D7B7C76809}
		{B003E56F-6E56-45D3-88C5-70F5186FA6B7} = {8C34EC7D-6CDB-412B-9150-D91CEA2492B1}
		{68DFC599-BD39-4714-B0D7-934F940ADDF7} = {7DC12FA6-2CAF-4CA4-9A4C-8BE3BF77FA93}
		{44E7A2B3-7382-4831-B201-BD826AB2A0A9} = {9306E905-97A5-46FB-958C-1A04A3D8F236}
		{96645BD4-1045-4307-833E-68309ECC2AF1} = {9306E905-97A5-46FB-958C-1A04A3D8F236}
		{B64B0504-919F-468C-A893-888FB12F8A87} = {9306E905-97A5-46FB-958C-1A04A3D8F236}
		{0EF83F3B-25B6-4842-9FE6-88167257DBDA} = {9306E905-97A5-46FB-958C-1A04A3D8F236}
		{E5FC853E-E234-4D05-838A-AE4907ED06EB} = {088271F2-246B-421E-8AD1-996288F077FA}
		{4929505F-2D2D-4B87-89D9-C6A3D68F5A46} = {088271F2-246B-421E-8AD1-996288F077FA}
		{853FF0F7-6CBE-4950-A2BA-32738185698C} = {3F009F58-0C56-4F74-B3F4-B8284C222457}
		{D4BB3B94-F508-4231-A4B8-1F65A248A871} = {C0FA0EFA-81EE-470D-B4F9-E5BE0C0EA1CE}
		{986EFEBC-6E65-4EC5-A9BF-2678B8147A02} = {C0FA0EFA-81EE-470D-B4F9-E5BE0C0EA1CE}
		{7C7FB0CB-D271-438E-8551-0A17181A1E3D} = {77CFFCE4-AE94-4CA0-9A62-D22F2A5AF390}
	EndGlobalSection
EndGlobal
